
Microsoft Visual Studio Solution File, Format Version 12.00
# Visual Studio Version 17
VisualStudioVersion = 17.5.002.0
MinimumVisualStudioVersion = 10.0.40219.1
Project("{9A19103F-16F7-4668-BE54-9A1E7A4F7556}") = "Worker", "worker\Worker.csproj", "{75F1E3BC-0EF8-441C-BA28-B0B9544AF769}"
EndProject
Global
	GlobalSection(SolutionConfigurationPlatforms) = preSolution
		Debug|Any CPU = Debug|Any CPU
		Release|Any CPU = Release|Any CPU
	EndGlobalSection
	GlobalSection(ProjectConfigurationPlatforms) = postSolution
		{75F1E3BC-0EF8-441C-BA28-B0B9544AF769}.Debug|Any CPU.ActiveCfg = Debug|Any CPU
		{75F1E3BC-0EF8-441C-BA28-B0B9544AF769}.Debug|Any CPU.Build.0 = Debug|Any CPU
		{75F1E3BC-0EF8-441C-BA28-B0B9544AF769}.Release|Any CPU.ActiveCfg = Release|Any CPU
		{75F1E3BC-0EF8-441C-BA28-B0B9544AF769}.Release|Any CPU.Build.0 = Release|Any CPU
	EndGlobalSection
	GlobalSection(SolutionProperties) = preSolution
		HideSolutionNode = FALSE
	EndGlobalSection
	GlobalSection(ExtensibilityGlobals) = postSolution
		SolutionGuid = {B360317F-E5D2-45B2-AB2E-E521AF37DD6F}
	EndGlobalSection
EndGlobal
